
Microsoft Visual Studio Solution File, Format Version 12.00
# Visual Studio Version 17
VisualStudioVersion = 17.13.35919.96
MinimumVisualStudioVersion = 10.0.40219.1
Project("{FAE04EC0-301F-11D3-BF4B-00C04F79EFBC}") = "Osu!Optimizer", "Osu!Optimizer.csproj", "{0A0AD989-FF7E-4174-A43A-D7E0DEE40A58}"
EndProject
Project("{2150E333-8FDC-42A3-9474-1A3956D46DE8}") = "Solution Items", "Solution Items", "{8EC462FD-D22E-90A8-E5CE-7E832BA40C5D}"
	ProjectSection(SolutionItems) = preProject
		C:\Users\VitorSkull\Downloads\FvG5RMPX0AIg-Nt.ico = C:\Users\VitorSkull\Downloads\FvG5RMPX0AIg-Nt.ico
	EndProjectSection
EndProject
Global
	GlobalSection(SolutionConfigurationPlatforms) = preSolution
		Debug|Any CPU = Debug|Any CPU
		Release|Any CPU = Release|Any CPU
	EndGlobalSection
	GlobalSection(ProjectConfigurationPlatforms) = postSolution
		{0A0AD989-FF7E-4174-A43A-D7E0DEE40A58}.Debug|Any CPU.ActiveCfg = Debug|Any CPU
		{0A0AD989-FF7E-4174-A43A-D7E0DEE40A58}.Debug|Any CPU.Build.0 = Debug|Any CPU
		{0A0AD989-FF7E-4174-A43A-D7E0DEE40A58}.Release|Any CPU.ActiveCfg = Release|Any CPU
		{0A0AD989-FF7E-4174-A43A-D7E0DEE40A58}.Release|Any CPU.Build.0 = Release|Any CPU
	EndGlobalSection
	GlobalSection(SolutionProperties) = preSolution
		HideSolutionNode = FALSE
	EndGlobalSection
	GlobalSection(ExtensibilityGlobals) = postSolution
		SolutionGuid = {401C67CC-A065-49D6-A2B5-B111E317B9AF}
	EndGlobalSection
EndGlobal
